
Microsoft Visual Studio Solution File, Format Version 12.00
# Visual Studio Version 17
VisualStudioVersion = 17.10.34928.147
MinimumVisualStudioVersion = 10.0.40219.1
Project("{FAE04EC0-301F-11D3-BF4B-00C04F79EFBC}") = "Chatgptsociospagamentos", "Chatgptsociospagamentos\Chatgptsociospagamentos.csproj", "{292AC25F-7D06-493D-8269-D49335F95DDB}"
EndProject
Global
	GlobalSection(SolutionConfigurationPlatforms) = preSolution
		Debug|Any CPU = Debug|Any CPU
		Release|Any CPU = Release|Any CPU
	EndGlobalSection
	GlobalSection(ProjectConfigurationPlatforms) = postSolution
		{292AC25F-7D06-493D-8269-D49335F95DDB}.Debug|Any CPU.ActiveCfg = Debug|Any CPU
		{292AC25F-7D06-493D-8269-D49335F95DDB}.Debug|Any CPU.Build.0 = Debug|Any CPU
		{292AC25F-7D06-493D-8269-D49335F95DDB}.Release|Any CPU.ActiveCfg = Release|Any CPU
		{292AC25F-7D06-493D-8269-D49335F95DDB}.Release|Any CPU.Build.0 = Release|Any CPU
	EndGlobalSection
	GlobalSection(SolutionProperties) = preSolution
		HideSolutionNode = FALSE
	EndGlobalSection
	GlobalSection(ExtensibilityGlobals) = postSolution
		SolutionGuid = {BFDC74DB-3930-41D5-B409-0CE8D8EBB219}
	EndGlobalSection
EndGlobal
